version = 1
revision = 2
requires-python = ">=3.10"

[[package]]
name = "arkproject"
version = "0.1.0"
source = { virtual = "." }
dependencies = [
    { name = "pygame-ce" },
]

[package.metadata]
requires-dist = [{ name = "pygame-ce", specifier = ">=2.5.3" }]

[[package]]
name = "pygame-ce"
version = "2.5.3"
source = { registry = "https://pypi.org/simple" }
sdist = { url = "https://files.pythonhosted.org/packages/aa/4b/c08d748c8b082cee786e09b65a126d391c39b28dc75e3cea036b4b47b9dd/pygame_ce-2.5.3.tar.gz", hash = "sha256:dc04f0bf1a270a84eb371556298a9902b9c4ab08137c9dd10ef03fa4e7fcbfed", size = 6987675, upload-time = "2025-02-09T12:37:49.06Z" }
wheels = [
    { url = "https://files.pythonhosted.org/packages/6b/9a/a90bd74233477fa900a22ede64db2789cccba87c324fb6905cfb8850cf63/pygame_ce-2.5.3-cp310-cp310-macosx_10_11_x86_64.whl", hash = "sha256:2f6a5b88a0ee642774e6c518ccab0e86aade566af1c5d6aaea29a6040b7b6469", size = 13725228, upload-time = "2025-02-09T12:34:35.373Z" },
    { url = "https://files.pythonhosted.org/packages/fb/6f/6597eaa13c964b4019e3d6f036d463c40980e297e6461b3f2f003b6739e2/pygame_ce-2.5.3-cp310-cp310-macosx_11_0_arm64.whl", hash = "sha256:c072de4d6fd752924150b9055d751328f113ae259ea60fc64dd7221eaca5d142", size = 12966206, upload-time = "2025-02-09T12:34:39.963Z" },
    { url = "https://files.pythonhosted.org/packages/db/c5/33f838bd3c841ce40fddce106c6aa58411efce762ec2006179b55c963564/pygame_ce-2.5.3-cp310-cp310-manylinux_2_17_aarch64.manylinux2014_aarch64.whl", hash = "sha256:303f65f85578994ca9f109456b3ac047c4bb601b74343c1ebdaaee6ad03b1982", size = 13606334, upload-time = "2025-02-09T12:34:44.54Z" },
    { url = "https://files.pythonhosted.org/packages/4c/92/ee305c6cacf16ac60706bb273201eb6c09ecdc146d97e613189a1b753c25/pygame_ce-2.5.3-cp310-cp310-manylinux_2_17_i686.manylinux2014_i686.whl", hash = "sha256:885790083a1517af6b1213ea4304712ee392868f8f512e501b79f0fe28c122bd", size = 14145593, upload-time = "2025-02-09T12:34:48.967Z" },
    { url = "https://files.pythonhosted.org/packages/5b/e7/184f0ac00dfb8b6e5954138592d6718084fed556784fabd71e638293381c/pygame_ce-2.5.3-cp310-cp310-manylinux_2_17_x86_64.manylinux2014_x86_64.whl", hash = "sha256:9ea879d6168105c26f5f325ea2431bbb72d01082299751989495a23706997f90", size = 13784650, upload-time = "2025-02-09T12:34:52.363Z" },
    { url = "https://files.pythonhosted.org/packages/c8/aa/4be5bf7abfdc88e4a1f1267ca7a2afd3de1c271b13e0f9ffc4c2d69c89a4/pygame_ce-2.5.3-cp310-cp310-win32.whl", hash = "sha256:95b0c14b9309bc378ac5bf8eaa176d52388f457cf67bc453a32a00f008e82ce6", size = 11071076, upload-time = "2025-02-09T12:34:55.763Z" },
    { url = "https://files.pythonhosted.org/packages/01/d8/643ea868fcc50ef4db6d740bbc6d1021b292eeb9a9544b72cadb3c8da654/pygame_ce-2.5.3-cp310-cp310-win_amd64.whl", hash = "sha256:152bf5a8493508949013d78be1cd5b6406534cb00bfc064617412e73f4be55e9", size = 11621124, upload-time = "2025-02-09T12:34:59.262Z" },
    { url = "https://files.pythonhosted.org/packages/59/dd/5fd5e5ed44c2a26a34ccd8ebde10a4bb42765dc2d08322ba76f9ba386ca5/pygame_ce-2.5.3-cp311-cp311-macosx_10_11_x86_64.whl", hash = "sha256:cae06a78dfa7845c3da5a4afd87f6388ccea24966768003d9f57df8543d4feef", size = 13725068, upload-time = "2025-02-09T12:35:02.599Z" },
    { url = "https://files.pythonhosted.org/packages/36/76/e59240b28957cc0b35266c0eb0e162d64b879baf39e39b8f81cb50024cc6/pygame_ce-2.5.3-cp311-cp311-macosx_11_0_arm64.whl", hash = "sha256:2c3c5506dec038cc0984393e76df067862907da9bfec7c7350fe573c4a4be50b", size = 12965495, upload-time = "2025-02-09T12:35:06.919Z" },
    { url = "https://files.pythonhosted.org/packages/24/a2/1c92203e2e58b83c8a905bd2bcbcdbf3bd6601c3922699fe8b47a4b5c43e/pygame_ce-2.5.3-cp311-cp311-manylinux_2_17_aarch64.manylinux2014_aarch64.whl", hash = "sha256:e91f4e0124102b8f65ba7618a656416bdae2826a5b3ab922b41d2b6dd06b5cef", size = 13607060, upload-time = "2025-02-09T12:35:11.5Z" },
    { url = "https://files.pythonhosted.org/packages/24/72/e046bc7ddd2f985cd6da6b25059a69b82e6b1c304a9c1093f9e4b8a32efd/pygame_ce-2.5.3-cp311-cp311-manylinux_2_17_i686.manylinux2014_i686.whl", hash = "sha256:9d82ceee6f05cb8f5d600f1dbc691d69e78aed200a10ddf09135a5da61ee7d27", size = 14142295, upload-time = "2025-02-09T12:35:15.456Z" },
    { url = "https://files.pythonhosted.org/packages/17/dc/fd9f264e54c7920f91a34956ae67fb888617f05c512d696bcc2b3c492587/pygame_ce-2.5.3-cp311-cp311-manylinux_2_17_x86_64.manylinux2014_x86_64.whl", hash = "sha256:d2cca1789ab4f3709c3b624743469a00753c5886f6cbd19d3f2f6c98571ad5a5", size = 13782729, upload-time = "2025-02-09T12:35:19.473Z" },
    { url = "https://files.pythonhosted.org/packages/1c/ab/1ee32c9436f1f1f6789304d2b815d35a0890171961727a9a804fbe137610/pygame_ce-2.5.3-cp311-cp311-win32.whl", hash = "sha256:7b476879726b875b4feaa8e7362e3fced74dd05ef8824b666e175db947973bf5", size = 11068575, upload-time = "2025-02-09T12:35:22.693Z" },
    { url = "https://files.pythonhosted.org/packages/2b/d0/de4a4f6e78c34d9f82f0faa541a5994cdd4e3e83f70f31d01f62652ec863/pygame_ce-2.5.3-cp311-cp311-win_amd64.whl", hash = "sha256:9fdaa6369506dc59a6f2dd76b839e1a3c262211137f5dcf9dd6d481618ccf43a", size = 11621383, upload-time = "2025-02-09T12:35:26.457Z" },
    { url = "https://files.pythonhosted.org/packages/00/f6/3f01b97f77c8b8229d59a9a757c30cbd242c2c86690d3c7e23a017aae87d/pygame_ce-2.5.3-cp312-cp312-macosx_10_13_x86_64.whl", hash = "sha256:8f8ed4717295ee3d24c654ecfb008029417d1f51dcd3186f47656ff9488d43c1", size = 13718804, upload-time = "2025-02-09T12:35:30Z" },
    { url = "https://files.pythonhosted.org/packages/b1/7e/64e7e548f7af7a6fcf1d37b0ff613636bfd8a18c2f03ccc0a0356b59dc59/pygame_ce-2.5.3-cp312-cp312-macosx_11_0_arm64.whl", hash = "sha256:32750dd7a9d952bfe09edc98c58415829794c47a7fdbc42acd37edc81599a294", size = 12971789, upload-time = "2025-02-09T12:35:33.241Z" },
    { url = "https://files.pythonhosted.org/packages/19/2e/8d4c2d74b998075664409838530b005e326d88114e23d4be96615b005714/pygame_ce-2.5.3-cp312-cp312-manylinux_2_17_aarch64.manylinux2014_aarch64.whl", hash = "sha256:683794536260c7334d3b11584ba7671413a2cc54c4e4172d54106d8fe5dfbfa4", size = 13592676, upload-time = "2025-02-09T12:35:36.518Z" },
    { url = "https://files.pythonhosted.org/packages/26/5f/e1710daf7b2c9ad0b3e5698f1796ca79a30aecd43ed67afa3d22d51cf62d/pygame_ce-2.5.3-cp312-cp312-manylinux_2_17_i686.manylinux2014_i686.whl", hash = "sha256:777e6cb3285bdc866ecc07be41e0a988ed1ff2cd6fd9fe651c2d514e1828238f", size = 14130707, upload-time = "2025-02-09T12:35:39.676Z" },
    { url = "https://files.pythonhosted.org/packages/7b/1e/cb165afd867aac48557c3048bac69976996193976482f6c60327d9a46197/pygame_ce-2.5.3-cp312-cp312-manylinux_2_17_x86_64.manylinux2014_x86_64.whl", hash = "sha256:69ee891ac41587b96bff0373ef095c1a5589b256edcb5b3cfc62ef2646d394db", size = 13769425, upload-time = "2025-02-09T12:35:43.672Z" },
    { url = "https://files.pythonhosted.org/packages/9a/2e/0383b45c24ff8462a41c888d43f89843a1f8ff7dee07dd0bee1c96f4f4c6/pygame_ce-2.5.3-cp312-cp312-win32.whl", hash = "sha256:6a671e06f81b5c5e16aabe8fda6ddcbf3d500505ade8b55595d2a8a51d65449a", size = 11066625, upload-time = "2025-02-09T12:35:47.096Z" },
    { url = "https://files.pythonhosted.org/packages/f3/65/e91c5649f8e9d2a7ebe9c4865480103a522561453a5b8a6d2ae044a01d23/pygame_ce-2.5.3-cp312-cp312-win_amd64.whl", hash = "sha256:914ee1b38ad9c107ac4900aa491e4b0d22a1218645113afdb6028bed799eb27f", size = 11622299, upload-time = "2025-02-09T12:35:50.481Z" },
    { url = "https://files.pythonhosted.org/packages/2c/10/85e3a06b5b3dee5770e3ccb1d78ef629a4d220df14c5ca95774b30562241/pygame_ce-2.5.3-cp313-cp313-macosx_10_13_x86_64.whl", hash = "sha256:6a60622da82b16ebb5da95bd6f3a6fc41d312ec0505c9333ec0eeaed74c78123", size = 13712664, upload-time = "2025-02-09T12:35:54.599Z" },
    { url = "https://files.pythonhosted.org/packages/7f/dd/d3e6b15887eaf327594b63cd91fda96b3011d21a79368df4d82bbf23d4ac/pygame_ce-2.5.3-cp313-cp313-macosx_11_0_arm64.whl", hash = "sha256:4326d7914a2ff8eea987bb4d16a1caa9a65921308eeb26c6d1f66cd6a1a5a930", size = 12965944, upload-time = "2025-02-09T12:35:58.624Z" },
    { url = "https://files.pythonhosted.org/packages/b9/e6/c7f80dd888a05f2290cc7ef0e492cca48cded0bf34073e57405e9757d35e/pygame_ce-2.5.3-cp313-cp313-manylinux_2_17_aarch64.manylinux2014_aarch64.whl", hash = "sha256:e2d25dd15fffc0e0e528d41941943b3775874aa66e171a5e8f86845fbc93518f", size = 13588585, upload-time = "2025-02-09T12:36:04.837Z" },
    { url = "https://files.pythonhosted.org/packages/c2/65/ad9db36d76ed4706f547c957f127beb30f60fe76ccc8da8cbc4f364b015d/pygame_ce-2.5.3-cp313-cp313-manylinux_2_17_i686.manylinux2014_i686.whl", hash = "sha256:4f0c0e34008165b93a543d5ce526f8d6459662779c2f9ddc77ef3446329b2cc6", size = 14129006, upload-time = "2025-02-09T12:36:08.321Z" },
    { url = "https://files.pythonhosted.org/packages/e5/96/e33fad39c931805927b723519607e4b0d8ecec4690541d265a9141e19734/pygame_ce-2.5.3-cp313-cp313-manylinux_2_17_x86_64.manylinux2014_x86_64.whl", hash = "sha256:c3ccb1f170cc3fd52d4c4c8575e29689b90b04db089b3c3cbb331955fdde244f", size = 13765876, upload-time = "2025-02-09T12:36:12.57Z" },
    { url = "https://files.pythonhosted.org/packages/6a/d3/6c968e7044f47ddcc277fc6790c64b0cf2f1f10c3ae5b07fe8c6b458a870/pygame_ce-2.5.3-cp313-cp313-win32.whl", hash = "sha256:6ed3cc5b1c1c2580579569f76b2109843429cc66ca68e8bc7d9e0eb4224cae00", size = 11064408, upload-time = "2025-02-09T12:36:20.659Z" },
    { url = "https://files.pythonhosted.org/packages/32/ce/d6dae18f3c3ee07a80054145973ed1da4c7b413eab03c6008b81b42ecb5b/pygame_ce-2.5.3-cp313-cp313-win_amd64.whl", hash = "sha256:308f432559ae60ad04316777792d49df1f84f22bbb67a374a38ee15e8d97bdba", size = 11620106, upload-time = "2025-02-09T12:36:24.691Z" },
    { url = "https://files.pythonhosted.org/packages/b2/e9/9b1b19d50b339c069243302675bf445a03a5540a8bd934ac1feee8d41527/pygame_ce-2.5.3-pp310-pypy310_pp73-macosx_10_15_x86_64.whl", hash = "sha256:54d34e0ea83cb4c833d8b44ddaef6f3b291c1fdcaed8babbd41e6d2773b4ee43", size = 13663500, upload-time = "2025-02-09T12:36:57.263Z" },
    { url = "https://files.pythonhosted.org/packages/a3/1c/15e751c617a8be01f892c870f10cf781702eaf98849f9b636f09bf9c58d1/pygame_ce-2.5.3-pp310-pypy310_pp73-macosx_11_0_arm64.whl", hash = "sha256:535f08cc7073b7ac1af16f20b561b2dbcb67de2d32ae0b2f46c91f14a87cbb70", size = 12923459, upload-time = "2025-02-09T12:37:01.286Z" },
    { url = "https://files.pythonhosted.org/packages/cb/55/e76a2ed8798633535febe37ba0765862abbff078f0044a6089f7b9202298/pygame_ce-2.5.3-pp310-pypy310_pp73-manylinux_2_17_aarch64.manylinux2014_aarch64.whl", hash = "sha256:ce654f5c06c78e1f934b5ac51b7e0fe2c75957c5aa8fbebeb1d6b37a0ba92d71", size = 13544162, upload-time = "2025-02-09T12:37:07.463Z" },
    { url = "https://files.pythonhosted.org/packages/1b/3d/3b54a4c6177a83b3f7bb9a2d1ed850465a5111588b59db26b8facfb500ae/pygame_ce-2.5.3-pp310-pypy310_pp73-manylinux_2_17_i686.manylinux2014_i686.whl", hash = "sha256:becd05aae138aac03fef3abcba5b75c80d9025e4e10457ea85fcc2678cd386a3", size = 14067449, upload-time = "2025-02-09T12:37:11.894Z" },
    { url = "https://files.pythonhosted.org/packages/41/3e/628d310e6d2cd523177a7345b9bca18ab67bf34142aefaf510bea587c08a/pygame_ce-2.5.3-pp310-pypy310_pp73-manylinux_2_17_x86_64.manylinux2014_x86_64.whl", hash = "sha256:c479fa44856fff28ddbf635a09e3f615e19a6cbd469149234000073ff97c4a1d", size = 13714064, upload-time = "2025-02-09T12:37:16.337Z" },
    { url = "https://files.pythonhosted.org/packages/66/a9/ea8c3bdb531cb5117a1ff09321c3fdda4c9f365ac6e06e917d05a6813f97/pygame_ce-2.5.3-pp310-pypy310_pp73-win_amd64.whl", hash = "sha256:ba123ab7f73de7d1811151133d8a6714a4cf8b143ac6a74d4ffaf3d922ed67a2", size = 11583516, upload-time = "2025-02-09T12:37:20.192Z" },
]
